
Microsoft Visual Studio Solution File, Format Version 12.00
# Visual Studio Version 17
VisualStudioVersion = 17.0.32014.148
MinimumVisualStudioVersion = 10.0.40219.1
Project("{9A19103F-16F7-4668-BE54-9A1E7A4F7556}") = "targilDotNet", "targilDotNet\targilDotNet.csproj", "{6B7DF3C1-414B-4B84-9000-57846C94FD57}"
EndProject
Project("{2150E333-8FDC-42A3-9474-1A3956D46DE8}") = "Solution Items", "Solution Items", "{9B0A429A-3F44-4556-A3FE-CCB341AEDD01}"
	ProjectSection(SolutionItems) = preProject
		.editorconfig = .editorconfig
	EndProjectSection
EndProject
Project("{FAE04EC0-301F-11D3-BF4B-00C04F79EFBC}") = "UnitTest", "UnitTest\UnitTest.csproj", "{F75B76AA-9FE1-4F05-A24E-1DE3EDFA4C1A}"
EndProject
Global
	GlobalSection(SolutionConfigurationPlatforms) = preSolution
		Debug|Any CPU = Debug|Any CPU
		Release|Any CPU = Release|Any CPU
	EndGlobalSection
	GlobalSection(ProjectConfigurationPlatforms) = postSolution
		{6B7DF3C1-414B-4B84-9000-57846C94FD57}.Debug|Any CPU.ActiveCfg = Debug|Any CPU
		{6B7DF3C1-414B-4B84-9000-57846C94FD57}.Debug|Any CPU.Build.0 = Debug|Any CPU
		{6B7DF3C1-414B-4B84-9000-57846C94FD57}.Release|Any CPU.ActiveCfg = Release|Any CPU
		{6B7DF3C1-414B-4B84-9000-57846C94FD57}.Release|Any CPU.Build.0 = Release|Any CPU
		{F75B76AA-9FE1-4F05-A24E-1DE3EDFA4C1A}.Debug|Any CPU.ActiveCfg = Debug|Any CPU
		{F75B76AA-9FE1-4F05-A24E-1DE3EDFA4C1A}.Debug|Any CPU.Build.0 = Debug|Any CPU
		{F75B76AA-9FE1-4F05-A24E-1DE3EDFA4C1A}.Release|Any CPU.ActiveCfg = Release|Any CPU
		{F75B76AA-9FE1-4F05-A24E-1DE3EDFA4C1A}.Release|Any CPU.Build.0 = Release|Any CPU
	EndGlobalSection
	GlobalSection(SolutionProperties) = preSolution
		HideSolutionNode = FALSE
	EndGlobalSection
	GlobalSection(ExtensibilityGlobals) = postSolution
		SolutionGuid = {97B8B7AB-DC68-40F1-BFA9-AE1BA08867CD}
	EndGlobalSection
EndGlobal
